
Microsoft Visual Studio Solution File, Format Version 12.00
Project("{FAE04EC0-301F-11D3-BF4B-00C04F79EFBC}") = "LeagueBalancer", "LeagueBalancer\LeagueBalancer.csproj", "{FD249EBC-B960-4E59-82AB-1A82D44F245E}"
EndProject
Global
	GlobalSection(SolutionConfigurationPlatforms) = preSolution
		Debug|Any CPU = Debug|Any CPU
		Release|Any CPU = Release|Any CPU
	EndGlobalSection
	GlobalSection(ProjectConfigurationPlatforms) = postSolution
		{FD249EBC-B960-4E59-82AB-1A82D44F245E}.Debug|Any CPU.ActiveCfg = Debug|Any CPU
		{FD249EBC-B960-4E59-82AB-1A82D44F245E}.Debug|Any CPU.Build.0 = Debug|Any CPU
		{FD249EBC-B960-4E59-82AB-1A82D44F245E}.Release|Any CPU.ActiveCfg = Release|Any CPU
		{FD249EBC-B960-4E59-82AB-1A82D44F245E}.Release|Any CPU.Build.0 = Release|Any CPU
	EndGlobalSection
EndGlobal
